
Microsoft Visual Studio Solution File, Format Version 12.00
# Visual Studio Express 2013 for Windows Desktop
VisualStudioVersion = 12.0.21005.1
MinimumVisualStudioVersion = 10.0.40219.1
Project("{FAE04EC0-301F-11D3-BF4B-00C04F79EFBC}") = "Minesweeper", "Minesweeper\Minesweeper.csproj", "{B824BCEC-3D73-4BF0-8019-4F2C63025C45}"
	ProjectSection(ProjectDependencies) = postProject
		{341C9B21-B01C-410D-A446-E420B5120BD3} = {341C9B21-B01C-410D-A446-E420B5120BD3}
	EndProjectSection
EndProject
Project("{FAE04EC0-301F-11D3-BF4B-00C04F79EFBC}") = "Framework", "Framework\Framework.csproj", "{341C9B21-B01C-410D-A446-E420B5120BD3}"
EndProject
Project("{FAE04EC0-301F-11D3-BF4B-00C04F79EFBC}") = "Startup", "Startup\Startup.csproj", "{8EA18F3D-84FF-45FC-BC01-235243B2FD36}"
	ProjectSection(ProjectDependencies) = postProject
		{341C9B21-B01C-410D-A446-E420B5120BD3} = {341C9B21-B01C-410D-A446-E420B5120BD3}
		{E48CFDD3-8B85-466E-94C0-408FD7317394} = {E48CFDD3-8B85-466E-94C0-408FD7317394}
		{B824BCEC-3D73-4BF0-8019-4F2C63025C45} = {B824BCEC-3D73-4BF0-8019-4F2C63025C45}
		{0A8AE5F9-A479-4833-9034-D67FEAE4B71C} = {0A8AE5F9-A479-4833-9034-D67FEAE4B71C}
	EndProjectSection
EndProject
Project("{FAE04EC0-301F-11D3-BF4B-00C04F79EFBC}") = "FreeCell", "Freecell\FreeCell.csproj", "{0A8AE5F9-A479-4833-9034-D67FEAE4B71C}"
	ProjectSection(ProjectDependencies) = postProject
		{341C9B21-B01C-410D-A446-E420B5120BD3} = {341C9B21-B01C-410D-A446-E420B5120BD3}
	EndProjectSection
EndProject
Project("{FAE04EC0-301F-11D3-BF4B-00C04F79EFBC}") = "BlackJack", "BlackJack\BlackJack.csproj", "{E48CFDD3-8B85-466E-94C0-408FD7317394}"
	ProjectSection(ProjectDependencies) = postProject
		{D4AD5D21-CDBB-464D-870D-D49AD291658B} = {D4AD5D21-CDBB-464D-870D-D49AD291658B}
		{341C9B21-B01C-410D-A446-E420B5120BD3} = {341C9B21-B01C-410D-A446-E420B5120BD3}
	EndProjectSection
EndProject
Project("{FAE04EC0-301F-11D3-BF4B-00C04F79EFBC}") = "Common", "Common\Common.csproj", "{D4AD5D21-CDBB-464D-870D-D49AD291658B}"
EndProject
Global
	GlobalSection(SolutionConfigurationPlatforms) = preSolution
		Debug|Any CPU = Debug|Any CPU
		Release|Any CPU = Release|Any CPU
	EndGlobalSection
	GlobalSection(ProjectConfigurationPlatforms) = postSolution
		{B824BCEC-3D73-4BF0-8019-4F2C63025C45}.Debug|Any CPU.ActiveCfg = Debug|Any CPU
		{B824BCEC-3D73-4BF0-8019-4F2C63025C45}.Debug|Any CPU.Build.0 = Debug|Any CPU
		{B824BCEC-3D73-4BF0-8019-4F2C63025C45}.Release|Any CPU.ActiveCfg = Release|Any CPU
		{B824BCEC-3D73-4BF0-8019-4F2C63025C45}.Release|Any CPU.Build.0 = Release|Any CPU
		{341C9B21-B01C-410D-A446-E420B5120BD3}.Debug|Any CPU.ActiveCfg = Debug|Any CPU
		{341C9B21-B01C-410D-A446-E420B5120BD3}.Debug|Any CPU.Build.0 = Debug|Any CPU
		{341C9B21-B01C-410D-A446-E420B5120BD3}.Release|Any CPU.ActiveCfg = Release|Any CPU
		{341C9B21-B01C-410D-A446-E420B5120BD3}.Release|Any CPU.Build.0 = Release|Any CPU
		{8EA18F3D-84FF-45FC-BC01-235243B2FD36}.Debug|Any CPU.ActiveCfg = Debug|Any CPU
		{8EA18F3D-84FF-45FC-BC01-235243B2FD36}.Debug|Any CPU.Build.0 = Debug|Any CPU
		{8EA18F3D-84FF-45FC-BC01-235243B2FD36}.Release|Any CPU.ActiveCfg = Release|Any CPU
		{8EA18F3D-84FF-45FC-BC01-235243B2FD36}.Release|Any CPU.Build.0 = Release|Any CPU
		{0A8AE5F9-A479-4833-9034-D67FEAE4B71C}.Debug|Any CPU.ActiveCfg = Debug|Any CPU
		{0A8AE5F9-A479-4833-9034-D67FEAE4B71C}.Debug|Any CPU.Build.0 = Debug|Any CPU
		{0A8AE5F9-A479-4833-9034-D67FEAE4B71C}.Release|Any CPU.ActiveCfg = Release|Any CPU
		{0A8AE5F9-A479-4833-9034-D67FEAE4B71C}.Release|Any CPU.Build.0 = Release|Any CPU
		{E48CFDD3-8B85-466E-94C0-408FD7317394}.Debug|Any CPU.ActiveCfg = Debug|Any CPU
		{E48CFDD3-8B85-466E-94C0-408FD7317394}.Debug|Any CPU.Build.0 = Debug|Any CPU
		{E48CFDD3-8B85-466E-94C0-408FD7317394}.Release|Any CPU.ActiveCfg = Release|Any CPU
		{E48CFDD3-8B85-466E-94C0-408FD7317394}.Release|Any CPU.Build.0 = Release|Any CPU
		{D4AD5D21-CDBB-464D-870D-D49AD291658B}.Debug|Any CPU.ActiveCfg = Debug|Any CPU
		{D4AD5D21-CDBB-464D-870D-D49AD291658B}.Debug|Any CPU.Build.0 = Debug|Any CPU
		{D4AD5D21-CDBB-464D-870D-D49AD291658B}.Release|Any CPU.ActiveCfg = Release|Any CPU
		{D4AD5D21-CDBB-464D-870D-D49AD291658B}.Release|Any CPU.Build.0 = Release|Any CPU
	EndGlobalSection
	GlobalSection(SolutionProperties) = preSolution
		HideSolutionNode = FALSE
	EndGlobalSection
EndGlobal
